# This file is automatically @generated by Cargo.
# It is not intended for manual editing.
version = 4

[[package]]
name = "cfg-if"
version = "1.0.4"
source = "registry+https://github.com/rust-lang/crates.io-index"
checksum = "9330f8b2ff13f34540b44e946ef35111825727b38d33286ef986142615121801"

[[package]]
name = "harness"
version = "0.1.0"
dependencies = [
 "hfc-abi",
 "hfc-rules",
 "libc",
 "libloading",
 "stats",
]

[[package]]
name = "hfc-abi"
version = "1.0.0"
dependencies = [
 "hfc-rules",
 "libc",
 "perf-event-open-sys",
]

[[package]]
name = "hfc-rules"
version = "1.0.0"

[[package]]
name = "libc"
version = "0.2.189"
source = "registry+https://github.com/rust-lang/crates.io-index"
checksum = "3eaf3ede3fee6db1a4c2ee091bf8a8b4dccdc6d17f656fb07896ee72867612f2"

[[package]]
name = "libloading"
version = "0.8.9"
source = "registry+https://github.com/rust-lang/crates.io-index"
checksum = "d7c4b02199fee7c5d21a5ae7d8cfa79a6ef5bb2fc834d6e9058e89c825efdc55"
dependencies = [
 "cfg-if",
 "windows-link",
]

[[package]]
name = "perf-event-open-sys"
version = "4.0.0"
source = "registry+https://github.com/rust-lang/crates.io-index"
checksum = "7c44fb1c7651a45a3652c4afc6e754e40b3d6e6556f1487e2b230bfc4f33c2a8"
dependencies = [
 "libc",
]

[[package]]
name = "random-engine"
version = "0.1.0"
dependencies = [
 "hfc-abi",
 "hfc-rules",
]

[[package]]
name = "reference"
version = "0.1.0"
dependencies = [
 "hfc-abi",
 "hfc-rules",
]

[[package]]
name = "stats"
version = "0.1.0"

[[package]]
name = "windows-link"
version = "0.2.1"
source = "registry+https://github.com/rust-lang/crates.io-index"
checksum = "f0805222e57f7521d6a62e36fa9163bc891acd422f971defe97d64e70d0a4fe5"
