# This file is automatically @generated by Cargo.
# It is not intended for manual editing.
version = 4

[[package]]
name = "example-engine"
version = "0.1.0"
dependencies = [
 "hfc-abi",
 "hfc-rules",
]

[[package]]
name = "hfc-abi"
version = "1.0.0"
source = "registry+https://github.com/rust-lang/crates.io-index"
checksum = "8bd0af14598c1f788b5edba3100e3975454d3ec59ef5d0609907dc5325fd6cac"
dependencies = [
 "hfc-rules",
 "libc",
 "perf-event-open-sys",
]

[[package]]
name = "hfc-rules"
version = "1.0.0"
source = "registry+https://github.com/rust-lang/crates.io-index"
checksum = "5196b3c12eb556fe23b254cd6f9404d66e267bc9a1ebb2090c4776cce1f83cf9"

[[package]]
name = "libc"
version = "0.2.189"
source = "registry+https://github.com/rust-lang/crates.io-index"
checksum = "3eaf3ede3fee6db1a4c2ee091bf8a8b4dccdc6d17f656fb07896ee72867612f2"

[[package]]
name = "perf-event-open-sys"
version = "4.0.0"
source = "registry+https://github.com/rust-lang/crates.io-index"
checksum = "7c44fb1c7651a45a3652c4afc6e754e40b3d6e6556f1487e2b230bfc4f33c2a8"
dependencies = [
 "libc",
]
